# This file was autogenerated by Stack.
# You should not edit this file by hand.
# For more information, please see the documentation at:
#   https://docs.haskellstack.org/en/stable/lock_files

packages:
- completed:
    name: approx
    version: 0.1.0.0
    git: https://github.com/n-kishaloy/approx.git
    pantry-tree:
      size: 678
      sha256: be95f2207fcdb32fc20d3f9f4e38eba52d2288d2b264c5770b31eb279874810e
    commit: 3b34d7fbee5abaa2bffd50ec0388df907349bd79
  original:
    git: https://github.com/n-kishaloy/approx.git
    commit: 3b34d7fbee5abaa2bffd50ec0388df907349bd79
snapshots:
- completed:
    size: 491387
    url: https://raw.githubusercontent.com/commercialhaskell/stackage-snapshots/master/lts/15/6.yaml
    sha256: 8d81505a6de861e167a58534ab62330afb75bfa108735c7db1204f7ef2a39d79
  original: lts-15.6
