# This file was autogenerated by Stack.
# You should not edit this file by hand.
# For more information, please see the documentation at:
#   https://docs.haskellstack.org/en/stable/lock_files

packages:
- completed:
    size: 7173
    url: https://github.com/n-kishaloy/approx/archive/v0.1.0.0.tar.gz
    name: approx
    version: 0.1.0.0
    sha256: 077224cca94ff1fc3be5606264698b9632ed20f99e4e37339a6f0b38b0035edd
    pantry-tree:
      size: 673
      sha256: 7cd9451b086ce349441c33fc2951446678cf6408517aa8609684582aacdbc182
  original:
    url: https://github.com/n-kishaloy/approx/archive/v0.1.0.0.tar.gz
snapshots:
- completed:
    size: 491387
    url: https://raw.githubusercontent.com/commercialhaskell/stackage-snapshots/master/lts/15/6.yaml
    sha256: 8d81505a6de861e167a58534ab62330afb75bfa108735c7db1204f7ef2a39d79
  original: lts-15.6
