# This file was autogenerated by Stack.
# You should not edit this file by hand.
# For more information, please see the documentation at:
#   https://docs.haskellstack.org/en/stable/lock_files

packages:
- completed:
    name: approx
    version: 0.1.0.0
    git: https://github.com/n-kishaloy/approx.git
    pantry-tree:
      size: 670
      sha256: bce235d8de275b1090068f52b71e2cbdf3aea317e04710b2d8927528ff82593f
    commit: 3ede4fc84fdd951e47d471667c7e997eec1a630c
  original:
    git: https://github.com/n-kishaloy/approx.git
    commit: 3ede4fc84fdd951e47d471667c7e997eec1a630c
snapshots:
- completed:
    size: 491387
    url: https://raw.githubusercontent.com/commercialhaskell/stackage-snapshots/master/lts/15/6.yaml
    sha256: 8d81505a6de861e167a58534ab62330afb75bfa108735c7db1204f7ef2a39d79
  original: lts-15.6
